
Microsoft Visual Studio Solution File, Format Version 12.00
# Visual Studio 15
VisualStudioVersion = 15.0.26730.16
MinimumVisualStudioVersion = 10.0.40219.1
Project("{FAE04EC0-301F-11D3-BF4B-00C04F79EFBC}") = "RESTAPI", "RESTAPI\RESTAPI.csproj", "{6B229973-8BAC-4843-89EC-E9A1DCC444BA}"
EndProject
Global
	GlobalSection(SolutionConfigurationPlatforms) = preSolution
		Debug|Any CPU = Debug|Any CPU
		Release|Any CPU = Release|Any CPU
	EndGlobalSection
	GlobalSection(ProjectConfigurationPlatforms) = postSolution
		{6B229973-8BAC-4843-89EC-E9A1DCC444BA}.Debug|Any CPU.ActiveCfg = Debug|Any CPU
		{6B229973-8BAC-4843-89EC-E9A1DCC444BA}.Debug|Any CPU.Build.0 = Debug|Any CPU
		{6B229973-8BAC-4843-89EC-E9A1DCC444BA}.Release|Any CPU.ActiveCfg = Release|Any CPU
		{6B229973-8BAC-4843-89EC-E9A1DCC444BA}.Release|Any CPU.Build.0 = Release|Any CPU
	EndGlobalSection
	GlobalSection(SolutionProperties) = preSolution
		HideSolutionNode = FALSE
	EndGlobalSection
	GlobalSection(ExtensibilityGlobals) = postSolution
		SolutionGuid = {4BB4234F-EE38-4B95-A997-B2833F70CBA2}
	EndGlobalSection
EndGlobal
